
Microsoft Visual Studio Solution File, Format Version 12.00
# Visual Studio Version 16
VisualStudioVersion = 16.0.29123.88
MinimumVisualStudioVersion = 10.0.40219.1
Project("{FAE04EC0-301F-11D3-BF4B-00C04F79EFBC}") = "Orthogiciel.Lobotomario.Client.Console", "Orthogiciel.Lobotomario.Client.Console\Orthogiciel.Lobotomario.Client.Console.csproj", "{97BFBE84-A464-422E-B579-216AB5F3DDBE}"
EndProject
Project("{FAE04EC0-301F-11D3-BF4B-00C04F79EFBC}") = "Orthogiciel.Lobotomario.Client.Wpf", "Orthogiciel.Lobotomario.Client.Wpf\Orthogiciel.Lobotomario.Client.Wpf.csproj", "{605F821D-2473-4781-BB99-BF3A166F3B61}"
EndProject
Project("{FAE04EC0-301F-11D3-BF4B-00C04F79EFBC}") = "Orthogiciel.Lobotomario.Core", "Orthogiciel.Lobotomario.Core\Orthogiciel.Lobotomario.Core.csproj", "{A373F117-2971-448B-9507-BE65BB906FF1}"
EndProject
Global
	GlobalSection(SolutionConfigurationPlatforms) = preSolution
		Debug|Any CPU = Debug|Any CPU
		Release|Any CPU = Release|Any CPU
	EndGlobalSection
	GlobalSection(ProjectConfigurationPlatforms) = postSolution
		{97BFBE84-A464-422E-B579-216AB5F3DDBE}.Debug|Any CPU.ActiveCfg = Debug|Any CPU
		{97BFBE84-A464-422E-B579-216AB5F3DDBE}.Debug|Any CPU.Build.0 = Debug|Any CPU
		{97BFBE84-A464-422E-B579-216AB5F3DDBE}.Release|Any CPU.ActiveCfg = Release|Any CPU
		{97BFBE84-A464-422E-B579-216AB5F3DDBE}.Release|Any CPU.Build.0 = Release|Any CPU
		{605F821D-2473-4781-BB99-BF3A166F3B61}.Debug|Any CPU.ActiveCfg = Debug|Any CPU
		{605F821D-2473-4781-BB99-BF3A166F3B61}.Debug|Any CPU.Build.0 = Debug|Any CPU
		{605F821D-2473-4781-BB99-BF3A166F3B61}.Release|Any CPU.ActiveCfg = Release|Any CPU
		{605F821D-2473-4781-BB99-BF3A166F3B61}.Release|Any CPU.Build.0 = Release|Any CPU
		{A373F117-2971-448B-9507-BE65BB906FF1}.Debug|Any CPU.ActiveCfg = Debug|Any CPU
		{A373F117-2971-448B-9507-BE65BB906FF1}.Debug|Any CPU.Build.0 = Debug|Any CPU
		{A373F117-2971-448B-9507-BE65BB906FF1}.Release|Any CPU.ActiveCfg = Release|Any CPU
		{A373F117-2971-448B-9507-BE65BB906FF1}.Release|Any CPU.Build.0 = Release|Any CPU
	EndGlobalSection
	GlobalSection(SolutionProperties) = preSolution
		HideSolutionNode = FALSE
	EndGlobalSection
	GlobalSection(ExtensibilityGlobals) = postSolution
		SolutionGuid = {CB21ACB0-B92B-46E0-ADF7-46FC81E97DF6}
	EndGlobalSection
EndGlobal
